// !$*UTF8*$!
{
	archiveVersion = 1;
	classes = {
	};
	objectVersion = 46;
	objects = {

/* Begin PBXBuildFile section */
		4452E2191D2DF8CA00D37C96 /* main.m in Sources */ = {isa = PBXBuildFile; fileRef = 4452E2181D2DF8CA00D37C96 /* main.m */; };
		4452E21C1D2DF8CA00D37C96 /* AppDelegate.m in Sources */ = {isa = PBXBuildFile; fileRef = 4452E21B1D2DF8CA00D37C96 /* AppDelegate.m */; };
		4452E21F1D2DF8CA00D37C96 /* ViewController.m in Sources */ = {isa = PBXBuildFile; fileRef = 4452E21E1D2DF8CA00D37C96 /* ViewController.m */; };
		4452E2221D2DF8CA00D37C96 /* Main.storyboard in Resources */ = {isa = PBXBuildFile; fileRef = 4452E2201D2DF8CA00D37C96 /* Main.storyboard */; };
		4452E2241D2DF8CA00D37C96 /* Assets.xcassets in Resources */ = {isa = PBXBuildFile; fileRef = 4452E2231D2DF8CA00D37C96 /* Assets.xcassets */; };
		4452E2271D2DF8CA00D37C96 /* LaunchScreen.storyboard in Resources */ = {isa = PBXBuildFile; fileRef = 4452E2251D2DF8CA00D37C96 /* LaunchScreen.storyboard */; };
		4452E2301D2DF90200D37C96 /* PlayerView.m in Sources */ = {isa = PBXBuildFile; fileRef = 4452E22F1D2DF90200D37C96 /* PlayerView.m */; };
		4452E2331D2E084900D37C96 /* TestTableViewCell.m in Sources */ = {isa = PBXBuildFile; fileRef = 4452E2321D2E084900D37C96 /* TestTableViewCell.m */; };
		4452E2361D2E27BA00D37C96 /* TestTableViewController.m in Sources */ = {isa = PBXBuildFile; fileRef = 4452E2351D2E27BA00D37C96 /* TestTableViewController.m */; };
		4452E2391D2E374300D37C96 /* XGVideo.m in Sources */ = {isa = PBXBuildFile; fileRef = 4452E2381D2E374300D37C96 /* XGVideo.m */; };
/* End PBXBuildFile section */

/* Begin PBXFileReference section */
		4452E2141D2DF8CA00D37C96 /* DMPlayerView的简单的测试.app */ = {isa = PBXFileReference; explicitFileType = wrapper.application; includeInIndex = 0; path = "DMPlayerView的简单的测试.app"; sourceTree = BUILT_PRODUCTS_DIR; };
		4452E2181D2DF8CA00D37C96 /* main.m */ = {isa = PBXFileReference; lastKnownFileType = sourcecode.c.objc; path = main.m; sourceTree = "<group>"; };
		4452E21A1D2DF8CA00D37C96 /* AppDelegate.h */ = {isa = PBXFileReference; lastKnownFileType = sourcecode.c.h; path = AppDelegate.h; sourceTree = "<group>"; };
		4452E21B1D2DF8CA00D37C96 /* AppDelegate.m */ = {isa = PBXFileReference; lastKnownFileType = sourcecode.c.objc; path = AppDelegate.m; sourceTree = "<group>"; };
		4452E21D1D2DF8CA00D37C96 /* ViewController.h */ = {isa = PBXFileReference; lastKnownFileType = sourcecode.c.h; path = ViewController.h; sourceTree = "<group>"; };
		4452E21E1D2DF8CA00D37C96 /* ViewController.m */ = {isa = PBXFileReference; lastKnownFileType = sourcecode.c.objc; path = ViewController.m; sourceTree = "<group>"; };
		4452E2211D2DF8CA00D37C96 /* Base */ = {isa = PBXFileReference; lastKnownFileType = file.storyboard; name = Base; path = Base.lproj/Main.storyboard; sourceTree = "<group>"; };
		4452E2231D2DF8CA00D37C96 /* Assets.xcassets */ = {isa = PBXFileReference; lastKnownFileType = folder.assetcatalog; path = Assets.xcassets; sourceTree = "<group>"; };
		4452E2261D2DF8CA00D37C96 /* Base */ = {isa = PBXFileReference; lastKnownFileType = file.storyboard; name = Base; path = Base.lproj/LaunchScreen.storyboard; sourceTree = "<group>"; };
		4452E2281D2DF8CA00D37C96 /* Info.plist */ = {isa = PBXFileReference; lastKnownFileType = text.plist.xml; path = Info.plist; sourceTree = "<group>"; };
		4452E22E1D2DF90200D37C96 /* PlayerView.h */ = {isa = PBXFileReference; fileEncoding = 4; lastKnownFileType = sourcecode.c.h; path = PlayerView.h; sourceTree = "<group>"; };
		4452E22F1D2DF90200D37C96 /* PlayerView.m */ = {isa = PBXFileReference; fileEncoding = 4; lastKnownFileType = sourcecode.c.objc; path = PlayerView.m; sourceTree = "<group>"; };
		4452E2311D2E084900D37C96 /* TestTableViewCell.h */ = {isa = PBXFileReference; fileEncoding = 4; lastKnownFileType = sourcecode.c.h; path = TestTableViewCell.h; sourceTree = "<group>"; };
		4452E2321D2E084900D37C96 /* TestTableViewCell.m */ = {isa = PBXFileReference; fileEncoding = 4; lastKnownFileType = sourcecode.c.objc; path = TestTableViewCell.m; sourceTree = "<group>"; };
		4452E2341D2E27BA00D37C96 /* TestTableViewController.h */ = {isa = PBXFileReference; fileEncoding = 4; lastKnownFileType = sourcecode.c.h; path = TestTableViewController.h; sourceTree = "<group>"; };
		4452E2351D2E27BA00D37C96 /* TestTableViewController.m */ = {isa = PBXFileReference; fileEncoding = 4; lastKnownFileType = sourcecode.c.objc; path = TestTableViewController.m; sourceTree = "<group>"; };
		4452E2371D2E374300D37C96 /* XGVideo.h */ = {isa = PBXFileReference; fileEncoding = 4; lastKnownFileType = sourcecode.c.h; path = XGVideo.h; sourceTree = "<group>"; };
		4452E2381D2E374300D37C96 /* XGVideo.m */ = {isa = PBXFileReference; fileEncoding = 4; lastKnownFileType = sourcecode.c.objc; path = XGVideo.m; sourceTree = "<group>"; };
/* End PBXFileReference section */

/* Begin PBXFrameworksBuildPhase section */
		4452E2111D2DF8CA00D37C96 /* Frameworks */ = {
			isa = PBXFrameworksBuildPhase;
			buildActionMask = 2147483647;
			files = (
			);
			runOnlyForDeploymentPostprocessing = 0;
		};
/* End PBXFrameworksBuildPhase section */

/* Begin PBXGroup section */
		4452E20B1D2DF8CA00D37C96 = {
			isa = PBXGroup;
			children = (
				4452E2161D2DF8CA00D37C96 /* DMPlayerView的简单的测试 */,
				4452E2151D2DF8CA00D37C96 /* Products */,
			);
			sourceTree = "<group>";
		};
		4452E2151D2DF8CA00D37C96 /* Products */ = {
			isa = PBXGroup;
			children = (
				4452E2141D2DF8CA00D37C96 /* DMPlayerView的简单的测试.app */,
			);
			name = Products;
			sourceTree = "<group>";
		};
		4452E2161D2DF8CA00D37C96 /* DMPlayerView的简单的测试 */ = {
			isa = PBXGroup;
			children = (
				4452E22E1D2DF90200D37C96 /* PlayerView.h */,
				4452E22F1D2DF90200D37C96 /* PlayerView.m */,
				4452E21A1D2DF8CA00D37C96 /* AppDelegate.h */,
				4452E21B1D2DF8CA00D37C96 /* AppDelegate.m */,
				4452E21D1D2DF8CA00D37C96 /* ViewController.h */,
				4452E21E1D2DF8CA00D37C96 /* ViewController.m */,
				4452E2201D2DF8CA00D37C96 /* Main.storyboard */,
				4452E2231D2DF8CA00D37C96 /* Assets.xcassets */,
				4452E2251D2DF8CA00D37C96 /* LaunchScreen.storyboard */,
				4452E2281D2DF8CA00D37C96 /* Info.plist */,
				4452E2171D2DF8CA00D37C96 /* Supporting Files */,
				4452E2311D2E084900D37C96 /* TestTableViewCell.h */,
				4452E2321D2E084900D37C96 /* TestTableViewCell.m */,
				4452E2341D2E27BA00D37C96 /* TestTableViewController.h */,
				4452E2351D2E27BA00D37C96 /* TestTableViewController.m */,
				4452E2371D2E374300D37C96 /* XGVideo.h */,
				4452E2381D2E374300D37C96 /* XGVideo.m */,
			);
			path = "DMPlayerView的简单的测试";
			sourceTree = "<group>";
		};
		4452E2171D2DF8CA00D37C96 /* Supporting Files */ = {
			isa = PBXGroup;
			children = (
				4452E2181D2DF8CA00D37C96 /* main.m */,
			);
			name = "Supporting Files";
			sourceTree = "<group>";
		};
/* End PBXGroup section */

/* Begin PBXNativeTarget section */
		4452E2131D2DF8CA00D37C96 /* DMPlayerView的简单的测试 */ = {
			isa = PBXNativeTarget;
			buildConfigurationList = 4452E22B1D2DF8CA00D37C96 /* Build configuration list for PBXNativeTarget "DMPlayerView的简单的测试" */;
			buildPhases = (
				4452E2101D2DF8CA00D37C96 /* Sources */,
				4452E2111D2DF8CA00D37C96 /* Frameworks */,
				4452E2121D2DF8CA00D37C96 /* Resources */,
			);
			buildRules = (
			);
			dependencies = (
			);
			name = "DMPlayerView的简单的测试";
			productName = "DMPlayerView的简单的测试";
			productReference = 4452E2141D2DF8CA00D37C96 /* DMPlayerView的简单的测试.app */;
			productType = "com.apple.product-type.application";
		};
/* End PBXNativeTarget section */

/* Begin PBXProject section */
		4452E20C1D2DF8CA00D37C96 /* Project object */ = {
			isa = PBXProject;
			attributes = {
				LastUpgradeCheck = 0730;
				ORGANIZATIONNAME = gaoleegin;
				TargetAttributes = {
					4452E2131D2DF8CA00D37C96 = {
						CreatedOnToolsVersion = 7.3.1;
						DevelopmentTeam = GRERJFP463;
					};
				};
			};
			buildConfigurationList = 4452E20F1D2DF8CA00D37C96 /* Build configuration list for PBXProject "DMPlayerView的简单的测试" */;
			compatibilityVersion = "Xcode 3.2";
			developmentRegion = English;
			hasScannedForEncodings = 0;
			knownRegions = (
				en,
				Base,
			);
			mainGroup = 4452E20B1D2DF8CA00D37C96;
			productRefGroup = 4452E2151D2DF8CA00D37C96 /* Products */;
			projectDirPath = "";
			projectRoot = "";
			targets = (
				4452E2131D2DF8CA00D37C96 /* DMPlayerView的简单的测试 */,
			);
		};
/* End PBXProject section */

/* Begin PBXResourcesBuildPhase section */
		4452E2121D2DF8CA00D37C96 /* Resources */ = {
			isa = PBXResourcesBuildPhase;
			buildActionMask = 2147483647;
			files = (
				4452E2271D2DF8CA00D37C96 /* LaunchScreen.storyboard in Resources */,
				4452E2241D2DF8CA00D37C96 /* Assets.xcassets in Resources */,
				4452E2221D2DF8CA00D37C96 /* Main.storyboard in Resources */,
			);
			runOnlyForDeploymentPostprocessing = 0;
		};
/* End PBXResourcesBuildPhase section */

/* Begin PBXSourcesBuildPhase section */
		4452E2101D2DF8CA00D37C96 /* Sources */ = {
			isa = PBXSourcesBuildPhase;
			buildActionMask = 2147483647;
			files = (
				4452E21F1D2DF8CA00D37C96 /* ViewController.m in Sources */,
				4452E2331D2E084900D37C96 /* TestTableViewCell.m in Sources */,
				4452E21C1D2DF8CA00D37C96 /* AppDelegate.m in Sources */,
				4452E2361D2E27BA00D37C96 /* TestTableViewController.m in Sources */,
				4452E2391D2E374300D37C96 /* XGVideo.m in Sources */,
				4452E2191D2DF8CA00D37C96 /* main.m in Sources */,
				4452E2301D2DF90200D37C96 /* PlayerView.m in Sources */,
			);
			runOnlyForDeploymentPostprocessing = 0;
		};
/* End PBXSourcesBuildPhase section */

/* Begin PBXVariantGroup section */
		4452E2201D2DF8CA00D37C96 /* Main.storyboard */ = {
			isa = PBXVariantGroup;
			children = (
				4452E2211D2DF8CA00D37C96 /* Base */,
			);
			name = Main.storyboard;
			sourceTree = "<group>";
		};
		4452E2251D2DF8CA00D37C96 /* LaunchScreen.storyboard */ = {
			isa = PBXVariantGroup;
			children = (
				4452E2261D2DF8CA00D37C96 /* Base */,
			);
			name = LaunchScreen.storyboard;
			sourceTree = "<group>";
		};
/* End PBXVariantGroup section */

/* Begin XCBuildConfiguration section */
		4452E2291D2DF8CA00D37C96 /* Debug */ = {
			isa = XCBuildConfiguration;
			buildSettings = {
				ALWAYS_SEARCH_USER_PATHS = NO;
				CLANG_ANALYZER_NONNULL = YES;
				CLANG_CXX_LANGUAGE_STANDARD = "gnu++0x";
				CLANG_CXX_LIBRARY = "libc++";
				CLANG_ENABLE_MODULES = YES;
				CLANG_ENABLE_OBJC_ARC = YES;
				CLANG_WARN_BOOL_CONVERSION = YES;
				CLANG_WARN_CONSTANT_CONVERSION = YES;
				CLANG_WARN_DIRECT_OBJC_ISA_USAGE = YES_ERROR;
				CLANG_WARN_EMPTY_BODY = YES;
				CLANG_WARN_ENUM_CONVERSION = YES;
				CLANG_WARN_INT_CONVERSION = YES;
				CLANG_WARN_OBJC_ROOT_CLASS = YES_ERROR;
				CLANG_WARN_UNREACHABLE_CODE = YES;
				CLANG_WARN__DUPLICATE_METHOD_MATCH = YES;
				"CODE_SIGN_IDENTITY[sdk=iphoneos*]" = "iPhone Developer";
				COPY_PHASE_STRIP = NO;
				DEBUG_INFORMATION_FORMAT = dwarf;
				ENABLE_STRICT_OBJC_MSGSEND = YES;
				ENABLE_TESTABILITY = YES;
				GCC_C_LANGUAGE_STANDARD = gnu99;
				GCC_DYNAMIC_NO_PIC = NO;
				GCC_NO_COMMON_BLOCKS = YES;
				GCC_OPTIMIZATION_LEVEL = 0;
				GCC_PREPROCESSOR_DEFINITIONS = (
					"DEBUG=1",
					"$(inherited)",
				);
				GCC_WARN_64_TO_32_BIT_CONVERSION = YES;
				GCC_WARN_ABOUT_RETURN_TYPE = YES_ERROR;
				GCC_WARN_UNDECLARED_SELECTOR = YES;
				GCC_WARN_UNINITIALIZED_AUTOS = YES_AGGRESSIVE;
				GCC_WARN_UNUSED_FUNCTION = YES;
				GCC_WARN_UNUSED_VARIABLE = YES;
				IPHONEOS_DEPLOYMENT_TARGET = 9.3;
				MTL_ENABLE_DEBUG_INFO = YES;
				ONLY_ACTIVE_ARCH = YES;
				SDKROOT = iphoneos;
			};
			name = Debug;
		};
		4452E22A1D2DF8CA00D37C96 /* Release */ = {
			isa = XCBuildConfiguration;
			buildSettings = {
				ALWAYS_SEARCH_USER_PATHS = NO;
				CLANG_ANALYZER_NONNULL = YES;
				CLANG_CXX_LANGUAGE_STANDARD = "gnu++0x";
				CLANG_CXX_LIBRARY = "libc++";
				CLANG_ENABLE_MODULES = YES;
				CLANG_ENABLE_OBJC_ARC = YES;
				CLANG_WARN_BOOL_CONVERSION = YES;
				CLANG_WARN_CONSTANT_CONVERSION = YES;
				CLANG_WARN_DIRECT_OBJC_ISA_USAGE = YES_ERROR;
				CLANG_WARN_EMPTY_BODY = YES;
				CLANG_WARN_ENUM_CONVERSION = YES;
				CLANG_WARN_INT_CONVERSION = YES;
				CLANG_WARN_OBJC_ROOT_CLASS = YES_ERROR;
				CLANG_WARN_UNREACHABLE_CODE = YES;
				CLANG_WARN__DUPLICATE_METHOD_MATCH = YES;
				"CODE_SIGN_IDENTITY[sdk=iphoneos*]" = "iPhone Developer";
				COPY_PHASE_STRIP = NO;
				DEBUG_INFORMATION_FORMAT = "dwarf-with-dsym";
				ENABLE_NS_ASSERTIONS = NO;
				ENABLE_STRICT_OBJC_MSGSEND = YES;
				GCC_C_LANGUAGE_STANDARD = gnu99;
				GCC_NO_COMMON_BLOCKS = YES;
				GCC_WARN_64_TO_32_BIT_CONVERSION = YES;
				GCC_WARN_ABOUT_RETURN_TYPE = YES_ERROR;
				GCC_WARN_UNDECLARED_SELECTOR = YES;
				GCC_WARN_UNINITIALIZED_AUTOS = YES_AGGRESSIVE;
				GCC_WARN_UNUSED_FUNCTION = YES;
				GCC_WARN_UNUSED_VARIABLE = YES;
				IPHONEOS_DEPLOYMENT_TARGET = 9.3;
				MTL_ENABLE_DEBUG_INFO = NO;
				SDKROOT = iphoneos;
				VALIDATE_PRODUCT = YES;
			};
			name = Release;
		};
		4452E22C1D2DF8CA00D37C96 /* Debug */ = {
			isa = XCBuildConfiguration;
			buildSettings = {
				ASSETCATALOG_COMPILER_APPICON_NAME = AppIcon;
				CODE_SIGN_IDENTITY = "iPhone Developer";
				"CODE_SIGN_IDENTITY[sdk=iphoneos*]" = "iPhone Developer";
				INFOPLIST_FILE = "DMPlayerView的简单的测试/Info.plist";
				LD_RUNPATH_SEARCH_PATHS = "$(inherited) @executable_path/Frameworks";
				PRODUCT_BUNDLE_IDENTIFIER = "com.gaoleegin.DMPlayerView------";
				PRODUCT_NAME = "$(TARGET_NAME)";
				PROVISIONING_PROFILE = "";
			};
			name = Debug;
		};
		4452E22D1D2DF8CA00D37C96 /* Release */ = {
			isa = XCBuildConfiguration;
			buildSettings = {
				ASSETCATALOG_COMPILER_APPICON_NAME = AppIcon;
				CODE_SIGN_IDENTITY = "iPhone Developer";
				"CODE_SIGN_IDENTITY[sdk=iphoneos*]" = "iPhone Developer";
				INFOPLIST_FILE = "DMPlayerView的简单的测试/Info.plist";
				LD_RUNPATH_SEARCH_PATHS = "$(inherited) @executable_path/Frameworks";
				PRODUCT_BUNDLE_IDENTIFIER = "com.gaoleegin.DMPlayerView------";
				PRODUCT_NAME = "$(TARGET_NAME)";
				PROVISIONING_PROFILE = "";
			};
			name = Release;
		};
/* End XCBuildConfiguration section */

/* Begin XCConfigurationList section */
		4452E20F1D2DF8CA00D37C96 /* Build configuration list for PBXProject "DMPlayerView的简单的测试" */ = {
			isa = XCConfigurationList;
			buildConfigurations = (
				4452E2291D2DF8CA00D37C96 /* Debug */,
				4452E22A1D2DF8CA00D37C96 /* Release */,
			);
			defaultConfigurationIsVisible = 0;
			defaultConfigurationName = Release;
		};
		4452E22B1D2DF8CA00D37C96 /* Build configuration list for PBXNativeTarget "DMPlayerView的简单的测试" */ = {
			isa = XCConfigurationList;
			buildConfigurations = (
				4452E22C1D2DF8CA00D37C96 /* Debug */,
				4452E22D1D2DF8CA00D37C96 /* Release */,
			);
			defaultConfigurationIsVisible = 0;
			defaultConfigurationName = Release;
		};
/* End XCConfigurationList section */
	};
	rootObject = 4452E20C1D2DF8CA00D37C96 /* Project object */;
}
